// !$*UTF8*$!
{
	archiveVersion = 1;
	classes = {
	};
	objectVersion = 52;
	objects = {

/* Begin PBXBuildFile section */
		79E9E26B845AF0A4D54D7AA4 /* Pods_flister.framework in Frameworks */ = {isa = PBXBuildFile; fileRef = D7ADF632234A61C2007E3095 /* Pods_flister.framework */; };
		9F81D2D3754C82210858E067 /* Pods_flisterTests.framework in Frameworks */ = {isa = PBXBuildFile; fileRef = F0BE2203172C9A33D6808A05 /* Pods_flisterTests.framework */; };
		A924CB3601DDA02D537C7222 /* Pods_flister_flisterUITests.framework in Frameworks */ = {isa = PBXBuildFile; fileRef = 24EE98E2F44FE45FC8411F25 /* Pods_flister_flisterUITests.framework */; };
		F8598F2F26F95B1D00F5AC33 /* MovieDetailsViewController.swift in Sources */ = {isa = PBXBuildFile; fileRef = F8598F2E26F95B1D00F5AC33 /* MovieDetailsViewController.swift */; };
		F8598F3126F9675900F5AC33 /* MovieGridViewController.swift in Sources */ = {isa = PBXBuildFile; fileRef = F8598F3026F9675900F5AC33 /* MovieGridViewController.swift */; };
		F8598F3526F96A3300F5AC33 /* MovieGridCell.swift in Sources */ = {isa = PBXBuildFile; fileRef = F8598F3426F96A3300F5AC33 /* MovieGridCell.swift */; };
		F87D1CC926F02D56005F6FBB /* AppDelegate.swift in Sources */ = {isa = PBXBuildFile; fileRef = F87D1CC826F02D56005F6FBB /* AppDelegate.swift */; };
		F87D1CCB26F02D56005F6FBB /* SceneDelegate.swift in Sources */ = {isa = PBXBuildFile; fileRef = F87D1CCA26F02D56005F6FBB /* SceneDelegate.swift */; };
		F87D1CD026F02D56005F6FBB /* Main.storyboard in Resources */ = {isa = PBXBuildFile; fileRef = F87D1CCE26F02D56005F6FBB /* Main.storyboard */; };
		F87D1CD226F02D59005F6FBB /* Assets.xcassets in Resources */ = {isa = PBXBuildFile; fileRef = F87D1CD126F02D59005F6FBB /* Assets.xcassets */; };
		F87D1CD526F02D59005F6FBB /* LaunchScreen.storyboard in Resources */ = {isa = PBXBuildFile; fileRef = F87D1CD326F02D59005F6FBB /* LaunchScreen.storyboard */; };
		F87D1CE026F02D59005F6FBB /* flisterTests.swift in Sources */ = {isa = PBXBuildFile; fileRef = F87D1CDF26F02D59005F6FBB /* flisterTests.swift */; };
		F87D1CEB26F02D59005F6FBB /* flisterUITests.swift in Sources */ = {isa = PBXBuildFile; fileRef = F87D1CEA26F02D59005F6FBB /* flisterUITests.swift */; };
		F87D1CF926F02EFB005F6FBB /* MoviesViewController.swift in Sources */ = {isa = PBXBuildFile; fileRef = F87D1CF826F02EFB005F6FBB /* MoviesViewController.swift */; };
		F87D1CFB26F038DB005F6FBB /* MovieCell.swift in Sources */ = {isa = PBXBuildFile; fileRef = F87D1CFA26F038DB005F6FBB /* MovieCell.swift */; };
		F87D1CFE26F03FEC005F6FBB /* AlamofireImage in Frameworks */ = {isa = PBXBuildFile; productRef = F87D1CFD26F03FEC005F6FBB /* AlamofireImage */; };
/* End PBXBuildFile section */

/* Begin PBXContainerItemProxy section */
		F87D1CDC26F02D59005F6FBB /* PBXContainerItemProxy */ = {
			isa = PBXContainerItemProxy;
			containerPortal = F87D1CBD26F02D56005F6FBB /* Project object */;
			proxyType = 1;
			remoteGlobalIDString = F87D1CC426F02D56005F6FBB;
			remoteInfo = flister;
		};
		F87D1CE726F02D59005F6FBB /* PBXContainerItemProxy */ = {
			isa = PBXContainerItemProxy;
			containerPortal = F87D1CBD26F02D56005F6FBB /* Project object */;
			proxyType = 1;
			remoteGlobalIDString = F87D1CC426F02D56005F6FBB;
			remoteInfo = flister;
		};
/* End PBXContainerItemProxy section */

/* Begin PBXFileReference section */
		24EE98E2F44FE45FC8411F25 /* Pods_flister_flisterUITests.framework */ = {isa = PBXFileReference; explicitFileType = wrapper.framework; includeInIndex = 0; path = Pods_flister_flisterUITests.framework; sourceTree = BUILT_PRODUCTS_DIR; };
		38BFFE8FDE0D522E680A3A85 /* Pods-flister-flisterUITests.release.xcconfig */ = {isa = PBXFileReference; includeInIndex = 1; lastKnownFileType = text.xcconfig; name = "Pods-flister-flisterUITests.release.xcconfig"; path = "Target Support Files/Pods-flister-flisterUITests/Pods-flister-flisterUITests.release.xcconfig"; sourceTree = "<group>"; };
		50895E099BBF475124957123 /* Pods-flister-flisterUITests.debug.xcconfig */ = {isa = PBXFileReference; includeInIndex = 1; lastKnownFileType = text.xcconfig; name = "Pods-flister-flisterUITests.debug.xcconfig"; path = "Target Support Files/Pods-flister-flisterUITests/Pods-flister-flisterUITests.debug.xcconfig"; sourceTree = "<group>"; };
		64903DA84A1C5C3C0985C389 /* Pods-flister.release.xcconfig */ = {isa = PBXFileReference; includeInIndex = 1; lastKnownFileType = text.xcconfig; name = "Pods-flister.release.xcconfig"; path = "Target Support Files/Pods-flister/Pods-flister.release.xcconfig"; sourceTree = "<group>"; };
		68320FB7A08062CD7E929B7D /* Pods-flisterTests.debug.xcconfig */ = {isa = PBXFileReference; includeInIndex = 1; lastKnownFileType = text.xcconfig; name = "Pods-flisterTests.debug.xcconfig"; path = "Target Support Files/Pods-flisterTests/Pods-flisterTests.debug.xcconfig"; sourceTree = "<group>"; };
		A04C430343DD30272F9B1FF2 /* Pods-flister.debug.xcconfig */ = {isa = PBXFileReference; includeInIndex = 1; lastKnownFileType = text.xcconfig; name = "Pods-flister.debug.xcconfig"; path = "Target Support Files/Pods-flister/Pods-flister.debug.xcconfig"; sourceTree = "<group>"; };
		A4377DEF3BCD0AFAFDA323F6 /* Pods-flisterTests.release.xcconfig */ = {isa = PBXFileReference; includeInIndex = 1; lastKnownFileType = text.xcconfig; name = "Pods-flisterTests.release.xcconfig"; path = "Target Support Files/Pods-flisterTests/Pods-flisterTests.release.xcconfig"; sourceTree = "<group>"; };
		D7ADF632234A61C2007E3095 /* Pods_flister.framework */ = {isa = PBXFileReference; explicitFileType = wrapper.framework; includeInIndex = 0; path = Pods_flister.framework; sourceTree = BUILT_PRODUCTS_DIR; };
		F0BE2203172C9A33D6808A05 /* Pods_flisterTests.framework */ = {isa = PBXFileReference; explicitFileType = wrapper.framework; includeInIndex = 0; path = Pods_flisterTests.framework; sourceTree = BUILT_PRODUCTS_DIR; };
		F8598F2E26F95B1D00F5AC33 /* MovieDetailsViewController.swift */ = {isa = PBXFileReference; lastKnownFileType = sourcecode.swift; path = MovieDetailsViewController.swift; sourceTree = "<group>"; };
		F8598F3026F9675900F5AC33 /* MovieGridViewController.swift */ = {isa = PBXFileReference; lastKnownFileType = sourcecode.swift; path = MovieGridViewController.swift; sourceTree = "<group>"; };
		F8598F3426F96A3300F5AC33 /* MovieGridCell.swift */ = {isa = PBXFileReference; lastKnownFileType = sourcecode.swift; path = MovieGridCell.swift; sourceTree = "<group>"; };
		F87D1CC526F02D56005F6FBB /* flister.app */ = {isa = PBXFileReference; explicitFileType = wrapper.application; includeInIndex = 0; path = flister.app; sourceTree = BUILT_PRODUCTS_DIR; };
		F87D1CC826F02D56005F6FBB /* AppDelegate.swift */ = {isa = PBXFileReference; lastKnownFileType = sourcecode.swift; path = AppDelegate.swift; sourceTree = "<group>"; };
		F87D1CCA26F02D56005F6FBB /* SceneDelegate.swift */ = {isa = PBXFileReference; lastKnownFileType = sourcecode.swift; path = SceneDelegate.swift; sourceTree = "<group>"; };
		F87D1CCF26F02D56005F6FBB /* Base */ = {isa = PBXFileReference; lastKnownFileType = file.storyboard; name = Base; path = Base.lproj/Main.storyboard; sourceTree = "<group>"; };
		F87D1CD126F02D59005F6FBB /* Assets.xcassets */ = {isa = PBXFileReference; lastKnownFileType = folder.assetcatalog; path = Assets.xcassets; sourceTree = "<group>"; };
		F87D1CD426F02D59005F6FBB /* Base */ = {isa = PBXFileReference; lastKnownFileType = file.storyboard; name = Base; path = Base.lproj/LaunchScreen.storyboard; sourceTree = "<group>"; };
		F87D1CD626F02D59005F6FBB /* Info.plist */ = {isa = PBXFileReference; lastKnownFileType = text.plist.xml; path = Info.plist; sourceTree = "<group>"; };
		F87D1CDB26F02D59005F6FBB /* flisterTests.xctest */ = {isa = PBXFileReference; explicitFileType = wrapper.cfbundle; includeInIndex = 0; path = flisterTests.xctest; sourceTree = BUILT_PRODUCTS_DIR; };
		F87D1CDF26F02D59005F6FBB /* flisterTests.swift */ = {isa = PBXFileReference; lastKnownFileType = sourcecode.swift; path = flisterTests.swift; sourceTree = "<group>"; };
		F87D1CE126F02D59005F6FBB /* Info.plist */ = {isa = PBXFileReference; lastKnownFileType = text.plist.xml; path = Info.plist; sourceTree = "<group>"; };
		F87D1CE626F02D59005F6FBB /* flisterUITests.xctest */ = {isa = PBXFileReference; explicitFileType = wrapper.cfbundle; includeInIndex = 0; path = flisterUITests.xctest; sourceTree = BUILT_PRODUCTS_DIR; };
		F87D1CEA26F02D59005F6FBB /* flisterUITests.swift */ = {isa = PBXFileReference; lastKnownFileType = sourcecode.swift; path = flisterUITests.swift; sourceTree = "<group>"; };
		F87D1CEC26F02D59005F6FBB /* Info.plist */ = {isa = PBXFileReference; lastKnownFileType = text.plist.xml; path = Info.plist; sourceTree = "<group>"; };
		F87D1CF826F02EFB005F6FBB /* MoviesViewController.swift */ = {isa = PBXFileReference; lastKnownFileType = sourcecode.swift; path = MoviesViewController.swift; sourceTree = "<group>"; };
		F87D1CFA26F038DB005F6FBB /* MovieCell.swift */ = {isa = PBXFileReference; lastKnownFileType = sourcecode.swift; path = MovieCell.swift; sourceTree = "<group>"; };
/* End PBXFileReference section */

/* Begin PBXFrameworksBuildPhase section */
		F87D1CC226F02D56005F6FBB /* Frameworks */ = {
			isa = PBXFrameworksBuildPhase;
			buildActionMask = 2147483647;
			files = (
				F87D1CFE26F03FEC005F6FBB /* AlamofireImage in Frameworks */,
				79E9E26B845AF0A4D54D7AA4 /* Pods_flister.framework in Frameworks */,
			);
			runOnlyForDeploymentPostprocessing = 0;
		};
		F87D1CD826F02D59005F6FBB /* Frameworks */ = {
			isa = PBXFrameworksBuildPhase;
			buildActionMask = 2147483647;
			files = (
				9F81D2D3754C82210858E067 /* Pods_flisterTests.framework in Frameworks */,
			);
			runOnlyForDeploymentPostprocessing = 0;
		};
		F87D1CE326F02D59005F6FBB /* Frameworks */ = {
			isa = PBXFrameworksBuildPhase;
			buildActionMask = 2147483647;
			files = (
				A924CB3601DDA02D537C7222 /* Pods_flister_flisterUITests.framework in Frameworks */,
			);
			runOnlyForDeploymentPostprocessing = 0;
		};
/* End PBXFrameworksBuildPhase section */

/* Begin PBXGroup section */
		4BB668F02C248D4E5FDF30C5 /* Frameworks */ = {
			isa = PBXGroup;
			children = (
				D7ADF632234A61C2007E3095 /* Pods_flister.framework */,
				24EE98E2F44FE45FC8411F25 /* Pods_flister_flisterUITests.framework */,
				F0BE2203172C9A33D6808A05 /* Pods_flisterTests.framework */,
			);
			name = Frameworks;
			sourceTree = "<group>";
		};
		966D4F872F8A85986A546B67 /* Pods */ = {
			isa = PBXGroup;
			children = (
				A04C430343DD30272F9B1FF2 /* Pods-flister.debug.xcconfig */,
				64903DA84A1C5C3C0985C389 /* Pods-flister.release.xcconfig */,
				50895E099BBF475124957123 /* Pods-flister-flisterUITests.debug.xcconfig */,
				38BFFE8FDE0D522E680A3A85 /* Pods-flister-flisterUITests.release.xcconfig */,
				68320FB7A08062CD7E929B7D /* Pods-flisterTests.debug.xcconfig */,
				A4377DEF3BCD0AFAFDA323F6 /* Pods-flisterTests.release.xcconfig */,
			);
			path = Pods;
			sourceTree = "<group>";
		};
		F87D1CBC26F02D56005F6FBB = {
			isa = PBXGroup;
			children = (
				F87D1CC726F02D56005F6FBB /* flister */,
				F87D1CDE26F02D59005F6FBB /* flisterTests */,
				F87D1CE926F02D59005F6FBB /* flisterUITests */,
				F87D1CC626F02D56005F6FBB /* Products */,
				966D4F872F8A85986A546B67 /* Pods */,
				4BB668F02C248D4E5FDF30C5 /* Frameworks */,
			);
			sourceTree = "<group>";
		};
		F87D1CC626F02D56005F6FBB /* Products */ = {
			isa = PBXGroup;
			children = (
				F87D1CC526F02D56005F6FBB /* flister.app */,
				F87D1CDB26F02D59005F6FBB /* flisterTests.xctest */,
				F87D1CE626F02D59005F6FBB /* flisterUITests.xctest */,
			);
			name = Products;
			sourceTree = "<group>";
		};
		F87D1CC726F02D56005F6FBB /* flister */ = {
			isa = PBXGroup;
			children = (
				F87D1CFA26F038DB005F6FBB /* MovieCell.swift */,
				F87D1CC826F02D56005F6FBB /* AppDelegate.swift */,
				F87D1CCA26F02D56005F6FBB /* SceneDelegate.swift */,
				F87D1CCE26F02D56005F6FBB /* Main.storyboard */,
				F87D1CD126F02D59005F6FBB /* Assets.xcassets */,
				F87D1CD326F02D59005F6FBB /* LaunchScreen.storyboard */,
				F87D1CD626F02D59005F6FBB /* Info.plist */,
				F87D1CF826F02EFB005F6FBB /* MoviesViewController.swift */,
				F8598F2E26F95B1D00F5AC33 /* MovieDetailsViewController.swift */,
				F8598F3026F9675900F5AC33 /* MovieGridViewController.swift */,
				F8598F3426F96A3300F5AC33 /* MovieGridCell.swift */,
			);
			path = flister;
			sourceTree = "<group>";
		};
		F87D1CDE26F02D59005F6FBB /* flisterTests */ = {
			isa = PBXGroup;
			children = (
				F87D1CDF26F02D59005F6FBB /* flisterTests.swift */,
				F87D1CE126F02D59005F6FBB /* Info.plist */,
			);
			path = flisterTests;
			sourceTree = "<group>";
		};
		F87D1CE926F02D59005F6FBB /* flisterUITests */ = {
			isa = PBXGroup;
			children = (
				F87D1CEA26F02D59005F6FBB /* flisterUITests.swift */,
				F87D1CEC26F02D59005F6FBB /* Info.plist */,
			);
			path = flisterUITests;
			sourceTree = "<group>";
		};
/* End PBXGroup section */

/* Begin PBXNativeTarget section */
		F87D1CC426F02D56005F6FBB /* flister */ = {
			isa = PBXNativeTarget;
			buildConfigurationList = F87D1CEF26F02D59005F6FBB /* Build configuration list for PBXNativeTarget "flister" */;
			buildPhases = (
				CC324273A6FBD4E489EB7581 /* [CP] Check Pods Manifest.lock */,
				F87D1CC126F02D56005F6FBB /* Sources */,
				F87D1CC226F02D56005F6FBB /* Frameworks */,
				F87D1CC326F02D56005F6FBB /* Resources */,
				B278413478D4FF1B352C4298 /* [CP] Embed Pods Frameworks */,
			);
			buildRules = (
			);
			dependencies = (
			);
			name = flister;
			packageProductDependencies = (
				F87D1CFD26F03FEC005F6FBB /* AlamofireImage */,
			);
			productName = flister;
			productReference = F87D1CC526F02D56005F6FBB /* flister.app */;
			productType = "com.apple.product-type.application";
		};
		F87D1CDA26F02D59005F6FBB /* flisterTests */ = {
			isa = PBXNativeTarget;
			buildConfigurationList = F87D1CF226F02D59005F6FBB /* Build configuration list for PBXNativeTarget "flisterTests" */;
			buildPhases = (
				8C35FB5FA25D9E1FD497938F /* [CP] Check Pods Manifest.lock */,
				F87D1CD726F02D59005F6FBB /* Sources */,
				F87D1CD826F02D59005F6FBB /* Frameworks */,
				F87D1CD926F02D59005F6FBB /* Resources */,
			);
			buildRules = (
			);
			dependencies = (
				F87D1CDD26F02D59005F6FBB /* PBXTargetDependency */,
			);
			name = flisterTests;
			productName = flisterTests;
			productReference = F87D1CDB26F02D59005F6FBB /* flisterTests.xctest */;
			productType = "com.apple.product-type.bundle.unit-test";
		};
		F87D1CE526F02D59005F6FBB /* flisterUITests */ = {
			isa = PBXNativeTarget;
			buildConfigurationList = F87D1CF526F02D59005F6FBB /* Build configuration list for PBXNativeTarget "flisterUITests" */;
			buildPhases = (
				5A82F871106AE4C9B2F80C6A /* [CP] Check Pods Manifest.lock */,
				F87D1CE226F02D59005F6FBB /* Sources */,
				F87D1CE326F02D59005F6FBB /* Frameworks */,
				F87D1CE426F02D59005F6FBB /* Resources */,
				B6CAE1AF626D778AA5C8A1CC /* [CP] Embed Pods Frameworks */,
			);
			buildRules = (
			);
			dependencies = (
				F87D1CE826F02D59005F6FBB /* PBXTargetDependency */,
			);
			name = flisterUITests;
			productName = flisterUITests;
			productReference = F87D1CE626F02D59005F6FBB /* flisterUITests.xctest */;
			productType = "com.apple.product-type.bundle.ui-testing";
		};
/* End PBXNativeTarget section */

/* Begin PBXProject section */
		F87D1CBD26F02D56005F6FBB /* Project object */ = {
			isa = PBXProject;
			attributes = {
				LastSwiftUpdateCheck = 1250;
				LastUpgradeCheck = 1250;
				TargetAttributes = {
					F87D1CC426F02D56005F6FBB = {
						CreatedOnToolsVersion = 12.5.1;
					};
					F87D1CDA26F02D59005F6FBB = {
						CreatedOnToolsVersion = 12.5.1;
						TestTargetID = F87D1CC426F02D56005F6FBB;
					};
					F87D1CE526F02D59005F6FBB = {
						CreatedOnToolsVersion = 12.5.1;
						TestTargetID = F87D1CC426F02D56005F6FBB;
					};
				};
			};
			buildConfigurationList = F87D1CC026F02D56005F6FBB /* Build configuration list for PBXProject "flister" */;
			compatibilityVersion = "Xcode 9.3";
			developmentRegion = en;
			hasScannedForEncodings = 0;
			knownRegions = (
				en,
				Base,
			);
			mainGroup = F87D1CBC26F02D56005F6FBB;
			packageReferences = (
				F87D1CFC26F03FEC005F6FBB /* XCRemoteSwiftPackageReference "AlamofireImage" */,
			);
			productRefGroup = F87D1CC626F02D56005F6FBB /* Products */;
			projectDirPath = "";
			projectRoot = "";
			targets = (
				F87D1CC426F02D56005F6FBB /* flister */,
				F87D1CDA26F02D59005F6FBB /* flisterTests */,
				F87D1CE526F02D59005F6FBB /* flisterUITests */,
			);
		};
/* End PBXProject section */

/* Begin PBXResourcesBuildPhase section */
		F87D1CC326F02D56005F6FBB /* Resources */ = {
			isa = PBXResourcesBuildPhase;
			buildActionMask = 2147483647;
			files = (
				F87D1CD526F02D59005F6FBB /* LaunchScreen.storyboard in Resources */,
				F87D1CD226F02D59005F6FBB /* Assets.xcassets in Resources */,
				F87D1CD026F02D56005F6FBB /* Main.storyboard in Resources */,
			);
			runOnlyForDeploymentPostprocessing = 0;
		};
		F87D1CD926F02D59005F6FBB /* Resources */ = {
			isa = PBXResourcesBuildPhase;
			buildActionMask = 2147483647;
			files = (
			);
			runOnlyForDeploymentPostprocessing = 0;
		};
		F87D1CE426F02D59005F6FBB /* Resources */ = {
			isa = PBXResourcesBuildPhase;
			buildActionMask = 2147483647;
			files = (
			);
			runOnlyForDeploymentPostprocessing = 0;
		};
/* End PBXResourcesBuildPhase section */

/* Begin PBXShellScriptBuildPhase section */
		5A82F871106AE4C9B2F80C6A /* [CP] Check Pods Manifest.lock */ = {
			isa = PBXShellScriptBuildPhase;
			buildActionMask = 2147483647;
			files = (
			);
			inputFileListPaths = (
			);
			inputPaths = (
				"${PODS_PODFILE_DIR_PATH}/Podfile.lock",
				"${PODS_ROOT}/Manifest.lock",
			);
			name = "[CP] Check Pods Manifest.lock";
			outputFileListPaths = (
			);
			outputPaths = (
				"$(DERIVED_FILE_DIR)/Pods-flister-flisterUITests-checkManifestLockResult.txt",
			);
			runOnlyForDeploymentPostprocessing = 0;
			shellPath = /bin/sh;
			shellScript = "diff \"${PODS_PODFILE_DIR_PATH}/Podfile.lock\" \"${PODS_ROOT}/Manifest.lock\" > /dev/null\nif [ $? != 0 ] ; then\n    # print error to STDERR\n    echo \"error: The sandbox is not in sync with the Podfile.lock. Run 'pod install' or update your CocoaPods installation.\" >&2\n    exit 1\nfi\n# This output is used by Xcode 'outputs' to avoid re-running this script phase.\necho \"SUCCESS\" > \"${SCRIPT_OUTPUT_FILE_0}\"\n";
			showEnvVarsInLog = 0;
		};
		8C35FB5FA25D9E1FD497938F /* [CP] Check Pods Manifest.lock */ = {
			isa = PBXShellScriptBuildPhase;
			buildActionMask = 2147483647;
			files = (
			);
			inputFileListPaths = (
			);
			inputPaths = (
				"${PODS_PODFILE_DIR_PATH}/Podfile.lock",
				"${PODS_ROOT}/Manifest.lock",
			);
			name = "[CP] Check Pods Manifest.lock";
			outputFileListPaths = (
			);
			outputPaths = (
				"$(DERIVED_FILE_DIR)/Pods-flisterTests-checkManifestLockResult.txt",
			);
			runOnlyForDeploymentPostprocessing = 0;
			shellPath = /bin/sh;
			shellScript = "diff \"${PODS_PODFILE_DIR_PATH}/Podfile.lock\" \"${PODS_ROOT}/Manifest.lock\" > /dev/null\nif [ $? != 0 ] ; then\n    # print error to STDERR\n    echo \"error: The sandbox is not in sync with the Podfile.lock. Run 'pod install' or update your CocoaPods installation.\" >&2\n    exit 1\nfi\n# This output is used by Xcode 'outputs' to avoid re-running this script phase.\necho \"SUCCESS\" > \"${SCRIPT_OUTPUT_FILE_0}\"\n";
			showEnvVarsInLog = 0;
		};
		B278413478D4FF1B352C4298 /* [CP] Embed Pods Frameworks */ = {
			isa = PBXShellScriptBuildPhase;
			buildActionMask = 2147483647;
			files = (
			);
			inputFileListPaths = (
				"${PODS_ROOT}/Target Support Files/Pods-flister/Pods-flister-frameworks-${CONFIGURATION}-input-files.xcfilelist",
			);
			name = "[CP] Embed Pods Frameworks";
			outputFileListPaths = (
				"${PODS_ROOT}/Target Support Files/Pods-flister/Pods-flister-frameworks-${CONFIGURATION}-output-files.xcfilelist",
			);
			runOnlyForDeploymentPostprocessing = 0;
			shellPath = /bin/sh;
			shellScript = "\"${PODS_ROOT}/Target Support Files/Pods-flister/Pods-flister-frameworks.sh\"\n";
			showEnvVarsInLog = 0;
		};
		B6CAE1AF626D778AA5C8A1CC /* [CP] Embed Pods Frameworks */ = {
			isa = PBXShellScriptBuildPhase;
			buildActionMask = 2147483647;
			files = (
			);
			inputFileListPaths = (
				"${PODS_ROOT}/Target Support Files/Pods-flister-flisterUITests/Pods-flister-flisterUITests-frameworks-${CONFIGURATION}-input-files.xcfilelist",
			);
			name = "[CP] Embed Pods Frameworks";
			outputFileListPaths = (
				"${PODS_ROOT}/Target Support Files/Pods-flister-flisterUITests/Pods-flister-flisterUITests-frameworks-${CONFIGURATION}-output-files.xcfilelist",
			);
			runOnlyForDeploymentPostprocessing = 0;
			shellPath = /bin/sh;
			shellScript = "\"${PODS_ROOT}/Target Support Files/Pods-flister-flisterUITests/Pods-flister-flisterUITests-frameworks.sh\"\n";
			showEnvVarsInLog = 0;
		};
		CC324273A6FBD4E489EB7581 /* [CP] Check Pods Manifest.lock */ = {
			isa = PBXShellScriptBuildPhase;
			buildActionMask = 2147483647;
			files = (
			);
			inputFileListPaths = (
			);
			inputPaths = (
				"${PODS_PODFILE_DIR_PATH}/Podfile.lock",
				"${PODS_ROOT}/Manifest.lock",
			);
			name = "[CP] Check Pods Manifest.lock";
			outputFileListPaths = (
			);
			outputPaths = (
				"$(DERIVED_FILE_DIR)/Pods-flister-checkManifestLockResult.txt",
			);
			runOnlyForDeploymentPostprocessing = 0;
			shellPath = /bin/sh;
			shellScript = "diff \"${PODS_PODFILE_DIR_PATH}/Podfile.lock\" \"${PODS_ROOT}/Manifest.lock\" > /dev/null\nif [ $? != 0 ] ; then\n    # print error to STDERR\n    echo \"error: The sandbox is not in sync with the Podfile.lock. Run 'pod install' or update your CocoaPods installation.\" >&2\n    exit 1\nfi\n# This output is used by Xcode 'outputs' to avoid re-running this script phase.\necho \"SUCCESS\" > \"${SCRIPT_OUTPUT_FILE_0}\"\n";
			showEnvVarsInLog = 0;
		};
/* End PBXShellScriptBuildPhase section */

/* Begin PBXSourcesBuildPhase section */
		F87D1CC126F02D56005F6FBB /* Sources */ = {
			isa = PBXSourcesBuildPhase;
			buildActionMask = 2147483647;
			files = (
				F8598F2F26F95B1D00F5AC33 /* MovieDetailsViewController.swift in Sources */,
				F87D1CC926F02D56005F6FBB /* AppDelegate.swift in Sources */,
				F87D1CCB26F02D56005F6FBB /* SceneDelegate.swift in Sources */,
				F87D1CFB26F038DB005F6FBB /* MovieCell.swift in Sources */,
				F87D1CF926F02EFB005F6FBB /* MoviesViewController.swift in Sources */,
				F8598F3126F9675900F5AC33 /* MovieGridViewController.swift in Sources */,
				F8598F3526F96A3300F5AC33 /* MovieGridCell.swift in Sources */,
			);
			runOnlyForDeploymentPostprocessing = 0;
		};
		F87D1CD726F02D59005F6FBB /* Sources */ = {
			isa = PBXSourcesBuildPhase;
			buildActionMask = 2147483647;
			files = (
				F87D1CE026F02D59005F6FBB /* flisterTests.swift in Sources */,
			);
			runOnlyForDeploymentPostprocessing = 0;
		};
		F87D1CE226F02D59005F6FBB /* Sources */ = {
			isa = PBXSourcesBuildPhase;
			buildActionMask = 2147483647;
			files = (
				F87D1CEB26F02D59005F6FBB /* flisterUITests.swift in Sources */,
			);
			runOnlyForDeploymentPostprocessing = 0;
		};
/* End PBXSourcesBuildPhase section */

/* Begin PBXTargetDependency section */
		F87D1CDD26F02D59005F6FBB /* PBXTargetDependency */ = {
			isa = PBXTargetDependency;
			target = F87D1CC426F02D56005F6FBB /* flister */;
			targetProxy = F87D1CDC26F02D59005F6FBB /* PBXContainerItemProxy */;
		};
		F87D1CE826F02D59005F6FBB /* PBXTargetDependency */ = {
			isa = PBXTargetDependency;
			target = F87D1CC426F02D56005F6FBB /* flister */;
			targetProxy = F87D1CE726F02D59005F6FBB /* PBXContainerItemProxy */;
		};
/* End PBXTargetDependency section */

/* Begin PBXVariantGroup section */
		F87D1CCE26F02D56005F6FBB /* Main.storyboard */ = {
			isa = PBXVariantGroup;
			children = (
				F87D1CCF26F02D56005F6FBB /* Base */,
			);
			name = Main.storyboard;
			sourceTree = "<group>";
		};
		F87D1CD326F02D59005F6FBB /* LaunchScreen.storyboard */ = {
			isa = PBXVariantGroup;
			children = (
				F87D1CD426F02D59005F6FBB /* Base */,
			);
			name = LaunchScreen.storyboard;
			sourceTree = "<group>";
		};
/* End PBXVariantGroup section */

/* Begin XCBuildConfiguration section */
		F87D1CED26F02D59005F6FBB /* Debug */ = {
			isa = XCBuildConfiguration;
			buildSettings = {
				ALWAYS_SEARCH_USER_PATHS = NO;
				CLANG_ANALYZER_NONNULL = YES;
				CLANG_ANALYZER_NUMBER_OBJECT_CONVERSION = YES_AGGRESSIVE;
				CLANG_CXX_LANGUAGE_STANDARD = "gnu++14";
				CLANG_CXX_LIBRARY = "libc++";
				CLANG_ENABLE_MODULES = YES;
				CLANG_ENABLE_OBJC_ARC = YES;
				CLANG_ENABLE_OBJC_WEAK = YES;
				CLANG_WARN_BLOCK_CAPTURE_AUTORELEASING = YES;
				CLANG_WARN_BOOL_CONVERSION = YES;
				CLANG_WARN_COMMA = YES;
				CLANG_WARN_CONSTANT_CONVERSION = YES;
				CLANG_WARN_DEPRECATED_OBJC_IMPLEMENTATIONS = YES;
				CLANG_WARN_DIRECT_OBJC_ISA_USAGE = YES_ERROR;
				CLANG_WARN_DOCUMENTATION_COMMENTS = YES;
				CLANG_WARN_EMPTY_BODY = YES;
				CLANG_WARN_ENUM_CONVERSION = YES;
				CLANG_WARN_INFINITE_RECURSION = YES;
				CLANG_WARN_INT_CONVERSION = YES;
				CLANG_WARN_NON_LITERAL_NULL_CONVERSION = YES;
				CLANG_WARN_OBJC_IMPLICIT_RETAIN_SELF = YES;
				CLANG_WARN_OBJC_LITERAL_CONVERSION = YES;
				CLANG_WARN_OBJC_ROOT_CLASS = YES_ERROR;
				CLANG_WARN_QUOTED_INCLUDE_IN_FRAMEWORK_HEADER = YES;
				CLANG_WARN_RANGE_LOOP_ANALYSIS = YES;
				CLANG_WARN_STRICT_PROTOTYPES = YES;
				CLANG_WARN_SUSPICIOUS_MOVE = YES;
				CLANG_WARN_UNGUARDED_AVAILABILITY = YES_AGGRESSIVE;
				CLANG_WARN_UNREACHABLE_CODE = YES;
				CLANG_WARN__DUPLICATE_METHOD_MATCH = YES;
				COPY_PHASE_STRIP = NO;
				DEBUG_INFORMATION_FORMAT = dwarf;
				ENABLE_STRICT_OBJC_MSGSEND = YES;
				ENABLE_TESTABILITY = YES;
				GCC_C_LANGUAGE_STANDARD = gnu11;
				GCC_DYNAMIC_NO_PIC = NO;
				GCC_NO_COMMON_BLOCKS = YES;
				GCC_OPTIMIZATION_LEVEL = 0;
				GCC_PREPROCESSOR_DEFINITIONS = (
					"DEBUG=1",
					"$(inherited)",
				);
				GCC_WARN_64_TO_32_BIT_CONVERSION = YES;
				GCC_WARN_ABOUT_RETURN_TYPE = YES_ERROR;
				GCC_WARN_UNDECLARED_SELECTOR = YES;
				GCC_WARN_UNINITIALIZED_AUTOS = YES_AGGRESSIVE;
				GCC_WARN_UNUSED_FUNCTION = YES;
				GCC_WARN_UNUSED_VARIABLE = YES;
				IPHONEOS_DEPLOYMENT_TARGET = 14.5;
				MTL_ENABLE_DEBUG_INFO = INCLUDE_SOURCE;
				MTL_FAST_MATH = YES;
				ONLY_ACTIVE_ARCH = YES;
				SDKROOT = iphoneos;
				SWIFT_ACTIVE_COMPILATION_CONDITIONS = DEBUG;
				SWIFT_OPTIMIZATION_LEVEL = "-Onone";
			};
			name = Debug;
		};
		F87D1CEE26F02D59005F6FBB /* Release */ = {
			isa = XCBuildConfiguration;
			buildSettings = {
				ALWAYS_SEARCH_USER_PATHS = NO;
				CLANG_ANALYZER_NONNULL = YES;
				CLANG_ANALYZER_NUMBER_OBJECT_CONVERSION = YES_AGGRESSIVE;
				CLANG_CXX_LANGUAGE_STANDARD = "gnu++14";
				CLANG_CXX_LIBRARY = "libc++";
				CLANG_ENABLE_MODULES = YES;
				CLANG_ENABLE_OBJC_ARC = YES;
				CLANG_ENABLE_OBJC_WEAK = YES;
				CLANG_WARN_BLOCK_CAPTURE_AUTORELEASING = YES;
				CLANG_WARN_BOOL_CONVERSION = YES;
				CLANG_WARN_COMMA = YES;
				CLANG_WARN_CONSTANT_CONVERSION = YES;
				CLANG_WARN_DEPRECATED_OBJC_IMPLEMENTATIONS = YES;
				CLANG_WARN_DIRECT_OBJC_ISA_USAGE = YES_ERROR;
				CLANG_WARN_DOCUMENTATION_COMMENTS = YES;
				CLANG_WARN_EMPTY_BODY = YES;
				CLANG_WARN_ENUM_CONVERSION = YES;
				CLANG_WARN_INFINITE_RECURSION = YES;
				CLANG_WARN_INT_CONVERSION = YES;
				CLANG_WARN_NON_LITERAL_NULL_CONVERSION = YES;
				CLANG_WARN_OBJC_IMPLICIT_RETAIN_SELF = YES;
				CLANG_WARN_OBJC_LITERAL_CONVERSION = YES;
				CLANG_WARN_OBJC_ROOT_CLASS = YES_ERROR;
				CLANG_WARN_QUOTED_INCLUDE_IN_FRAMEWORK_HEADER = YES;
				CLANG_WARN_RANGE_LOOP_ANALYSIS = YES;
				CLANG_WARN_STRICT_PROTOTYPES = YES;
				CLANG_WARN_SUSPICIOUS_MOVE = YES;
				CLANG_WARN_UNGUARDED_AVAILABILITY = YES_AGGRESSIVE;
				CLANG_WARN_UNREACHABLE_CODE = YES;
				CLANG_WARN__DUPLICATE_METHOD_MATCH = YES;
				COPY_PHASE_STRIP = NO;
				DEBUG_INFORMATION_FORMAT = "dwarf-with-dsym";
				ENABLE_NS_ASSERTIONS = NO;
				ENABLE_STRICT_OBJC_MSGSEND = YES;
				GCC_C_LANGUAGE_STANDARD = gnu11;
				GCC_NO_COMMON_BLOCKS = YES;
				GCC_WARN_64_TO_32_BIT_CONVERSION = YES;
				GCC_WARN_ABOUT_RETURN_TYPE = YES_ERROR;
				GCC_WARN_UNDECLARED_SELECTOR = YES;
				GCC_WARN_UNINITIALIZED_AUTOS = YES_AGGRESSIVE;
				GCC_WARN_UNUSED_FUNCTION = YES;
				GCC_WARN_UNUSED_VARIABLE = YES;
				IPHONEOS_DEPLOYMENT_TARGET = 14.5;
				MTL_ENABLE_DEBUG_INFO = NO;
				MTL_FAST_MATH = YES;
				SDKROOT = iphoneos;
				SWIFT_COMPILATION_MODE = wholemodule;
				SWIFT_OPTIMIZATION_LEVEL = "-O";
				VALIDATE_PRODUCT = YES;
			};
			name = Release;
		};
		F87D1CF026F02D59005F6FBB /* Debug */ = {
			isa = XCBuildConfiguration;
			baseConfigurationReference = A04C430343DD30272F9B1FF2 /* Pods-flister.debug.xcconfig */;
			buildSettings = {
				ASSETCATALOG_COMPILER_APPICON_NAME = AppIcon;
				ASSETCATALOG_COMPILER_GLOBAL_ACCENT_COLOR_NAME = AccentColor;
				CODE_SIGN_STYLE = Automatic;
				INFOPLIST_FILE = flister/Info.plist;
				LD_RUNPATH_SEARCH_PATHS = (
					"$(inherited)",
					"@executable_path/Frameworks",
				);
				PRODUCT_BUNDLE_IDENTIFIER = fiafia59.flister;
				PRODUCT_NAME = "$(TARGET_NAME)";
				SWIFT_VERSION = 5.0;
				TARGETED_DEVICE_FAMILY = "1,2";
			};
			name = Debug;
		};
		F87D1CF126F02D59005F6FBB /* Release */ = {
			isa = XCBuildConfiguration;
			baseConfigurationReference = 64903DA84A1C5C3C0985C389 /* Pods-flister.release.xcconfig */;
			buildSettings = {
				ASSETCATALOG_COMPILER_APPICON_NAME = AppIcon;
				ASSETCATALOG_COMPILER_GLOBAL_ACCENT_COLOR_NAME = AccentColor;
				CODE_SIGN_STYLE = Automatic;
				INFOPLIST_FILE = flister/Info.plist;
				LD_RUNPATH_SEARCH_PATHS = (
					"$(inherited)",
					"@executable_path/Frameworks",
				);
				PRODUCT_BUNDLE_IDENTIFIER = fiafia59.flister;
				PRODUCT_NAME = "$(TARGET_NAME)";
				SWIFT_VERSION = 5.0;
				TARGETED_DEVICE_FAMILY = "1,2";
			};
			name = Release;
		};
		F87D1CF326F02D59005F6FBB /* Debug */ = {
			isa = XCBuildConfiguration;
			baseConfigurationReference = 68320FB7A08062CD7E929B7D /* Pods-flisterTests.debug.xcconfig */;
			buildSettings = {
				ALWAYS_EMBED_SWIFT_STANDARD_LIBRARIES = YES;
				BUNDLE_LOADER = "$(TEST_HOST)";
				CODE_SIGN_STYLE = Automatic;
				INFOPLIST_FILE = flisterTests/Info.plist;
				IPHONEOS_DEPLOYMENT_TARGET = 14.5;
				LD_RUNPATH_SEARCH_PATHS = (
					"$(inherited)",
					"@executable_path/Frameworks",
					"@loader_path/Frameworks",
				);
				PRODUCT_BUNDLE_IDENTIFIER = fiafia59.flisterTests;
				PRODUCT_NAME = "$(TARGET_NAME)";
				SWIFT_VERSION = 5.0;
				TARGETED_DEVICE_FAMILY = "1,2";
				TEST_HOST = "$(BUILT_PRODUCTS_DIR)/flister.app/flister";
			};
			name = Debug;
		};
		F87D1CF426F02D59005F6FBB /* Release */ = {
			isa = XCBuildConfiguration;
			baseConfigurationReference = A4377DEF3BCD0AFAFDA323F6 /* Pods-flisterTests.release.xcconfig */;
			buildSettings = {
				ALWAYS_EMBED_SWIFT_STANDARD_LIBRARIES = YES;
				BUNDLE_LOADER = "$(TEST_HOST)";
				CODE_SIGN_STYLE = Automatic;
				INFOPLIST_FILE = flisterTests/Info.plist;
				IPHONEOS_DEPLOYMENT_TARGET = 14.5;
				LD_RUNPATH_SEARCH_PATHS = (
					"$(inherited)",
					"@executable_path/Frameworks",
					"@loader_path/Frameworks",
				);
				PRODUCT_BUNDLE_IDENTIFIER = fiafia59.flisterTests;
				PRODUCT_NAME = "$(TARGET_NAME)";
				SWIFT_VERSION = 5.0;
				TARGETED_DEVICE_FAMILY = "1,2";
				TEST_HOST = "$(BUILT_PRODUCTS_DIR)/flister.app/flister";
			};
			name = Release;
		};
		F87D1CF626F02D59005F6FBB /* Debug */ = {
			isa = XCBuildConfiguration;
			baseConfigurationReference = 50895E099BBF475124957123 /* Pods-flister-flisterUITests.debug.xcconfig */;
			buildSettings = {
				ALWAYS_EMBED_SWIFT_STANDARD_LIBRARIES = YES;
				CODE_SIGN_STYLE = Automatic;
				INFOPLIST_FILE = flisterUITests/Info.plist;
				LD_RUNPATH_SEARCH_PATHS = (
					"$(inherited)",
					"@executable_path/Frameworks",
					"@loader_path/Frameworks",
				);
				PRODUCT_BUNDLE_IDENTIFIER = fiafia59.flisterUITests;
				PRODUCT_NAME = "$(TARGET_NAME)";
				SWIFT_VERSION = 5.0;
				TARGETED_DEVICE_FAMILY = "1,2";
				TEST_TARGET_NAME = flister;
			};
			name = Debug;
		};
		F87D1CF726F02D59005F6FBB /* Release */ = {
			isa = XCBuildConfiguration;
			baseConfigurationReference = 38BFFE8FDE0D522E680A3A85 /* Pods-flister-flisterUITests.release.xcconfig */;
			buildSettings = {
				ALWAYS_EMBED_SWIFT_STANDARD_LIBRARIES = YES;
				CODE_SIGN_STYLE = Automatic;
				INFOPLIST_FILE = flisterUITests/Info.plist;
				LD_RUNPATH_SEARCH_PATHS = (
					"$(inherited)",
					"@executable_path/Frameworks",
					"@loader_path/Frameworks",
				);
				PRODUCT_BUNDLE_IDENTIFIER = fiafia59.flisterUITests;
				PRODUCT_NAME = "$(TARGET_NAME)";
				SWIFT_VERSION = 5.0;
				TARGETED_DEVICE_FAMILY = "1,2";
				TEST_TARGET_NAME = flister;
			};
			name = Release;
		};
/* End XCBuildConfiguration section */

/* Begin XCConfigurationList section */
		F87D1CC026F02D56005F6FBB /* Build configuration list for PBXProject "flister" */ = {
			isa = XCConfigurationList;
			buildConfigurations = (
				F87D1CED26F02D59005F6FBB /* Debug */,
				F87D1CEE26F02D59005F6FBB /* Release */,
			);
			defaultConfigurationIsVisible = 0;
			defaultConfigurationName = Release;
		};
		F87D1CEF26F02D59005F6FBB /* Build configuration list for PBXNativeTarget "flister" */ = {
			isa = XCConfigurationList;
			buildConfigurations = (
				F87D1CF026F02D59005F6FBB /* Debug */,
				F87D1CF126F02D59005F6FBB /* Release */,
			);
			defaultConfigurationIsVisible = 0;
			defaultConfigurationName = Release;
		};
		F87D1CF226F02D59005F6FBB /* Build configuration list for PBXNativeTarget "flisterTests" */ = {
			isa = XCConfigurationList;
			buildConfigurations = (
				F87D1CF326F02D59005F6FBB /* Debug */,
				F87D1CF426F02D59005F6FBB /* Release */,
			);
			defaultConfigurationIsVisible = 0;
			defaultConfigurationName = Release;
		};
		F87D1CF526F02D59005F6FBB /* Build configuration list for PBXNativeTarget "flisterUITests" */ = {
			isa = XCConfigurationList;
			buildConfigurations = (
				F87D1CF626F02D59005F6FBB /* Debug */,
				F87D1CF726F02D59005F6FBB /* Release */,
			);
			defaultConfigurationIsVisible = 0;
			defaultConfigurationName = Release;
		};
/* End XCConfigurationList section */

/* Begin XCRemoteSwiftPackageReference section */
		F87D1CFC26F03FEC005F6FBB /* XCRemoteSwiftPackageReference "AlamofireImage" */ = {
			isa = XCRemoteSwiftPackageReference;
			repositoryURL = "https://github.com/Alamofire/AlamofireImage";
			requirement = {
				kind = upToNextMajorVersion;
				minimumVersion = 4.2.0;
			};
		};
/* End XCRemoteSwiftPackageReference section */

/* Begin XCSwiftPackageProductDependency section */
		F87D1CFD26F03FEC005F6FBB /* AlamofireImage */ = {
			isa = XCSwiftPackageProductDependency;
			package = F87D1CFC26F03FEC005F6FBB /* XCRemoteSwiftPackageReference "AlamofireImage" */;
			productName = AlamofireImage;
		};
/* End XCSwiftPackageProductDependency section */
	};
	rootObject = F87D1CBD26F02D56005F6FBB /* Project object */;
}
